
Microsoft Visual Studio Solution File, Format Version 9.00
# Visual Studio 2005
Project("{8BC9CEB8-8B4A-11D0-8D11-00A0C91BC942}") = "MCU", "MCU\MCU.vcproj", "{A878ACDA-90AD-44D5-9A2B-945B17118D67}"
EndProject
Global
	GlobalSection(SolutionConfigurationPlatforms) = preSolution
		Debug|Win32 = Debug|Win32
		Release|Win32 = Release|Win32
	EndGlobalSection
	GlobalSection(ProjectConfigurationPlatforms) = postSolution
		{A878ACDA-90AD-44D5-9A2B-945B17118D67}.Debug|Win32.ActiveCfg = Debug|Win32
		{A878ACDA-90AD-44D5-9A2B-945B17118D67}.Debug|Win32.Build.0 = Debug|Win32
		{A878ACDA-90AD-44D5-9A2B-945B17118D67}.Release|Win32.ActiveCfg = Release|Win32
		{A878ACDA-90AD-44D5-9A2B-945B17118D67}.Release|Win32.Build.0 = Release|Win32
	EndGlobalSection
	GlobalSection(SolutionProperties) = preSolution
		HideSolutionNode = FALSE
	EndGlobalSection
EndGlobal
